
Microsoft Visual Studio Solution File, Format Version 12.00
# Visual Studio Version 16
VisualStudioVersion = 16.0.29709.97
MinimumVisualStudioVersion = 10.0.40219.1
Project("{FAE04EC0-301F-11D3-BF4B-00C04F79EFBC}") = "nir", "nir.csproj", "{A7415C94-AC73-4D18-ACB8-35168DCEB24A}"
EndProject
Global
	GlobalSection(SolutionConfigurationPlatforms) = preSolution
		Debug|Any CPU = Debug|Any CPU
		Release|Any CPU = Release|Any CPU
	EndGlobalSection
	GlobalSection(ProjectConfigurationPlatforms) = postSolution
		{A7415C94-AC73-4D18-ACB8-35168DCEB24A}.Debug|Any CPU.ActiveCfg = Debug|Any CPU
		{A7415C94-AC73-4D18-ACB8-35168DCEB24A}.Debug|Any CPU.Build.0 = Debug|Any CPU
		{A7415C94-AC73-4D18-ACB8-35168DCEB24A}.Release|Any CPU.ActiveCfg = Release|Any CPU
		{A7415C94-AC73-4D18-ACB8-35168DCEB24A}.Release|Any CPU.Build.0 = Release|Any CPU
	EndGlobalSection
	GlobalSection(SolutionProperties) = preSolution
		HideSolutionNode = FALSE
	EndGlobalSection
	GlobalSection(ExtensibilityGlobals) = postSolution
		SolutionGuid = {8FB18FD2-C53B-49EC-8C00-DEFE3EC27CC8}
	EndGlobalSection
EndGlobal
